
Microsoft Visual Studio Solution File, Format Version 12.00
Project("{2150E333-8FDC-42A3-9474-1A3956D46DE8}") = "Server", "Server", "{07827771-A32E-43B8-8F24-A3CD4158AA8D}"
EndProject
Project("{FAE04EC0-301F-11D3-BF4B-00C04F79EFBC}") = "Entities", "Entities\Entities.csproj", "{5ECE5793-9F76-45E1-8855-1851980DF6DB}"
EndProject
Project("{FAE04EC0-301F-11D3-BF4B-00C04F79EFBC}") = "RepositoryContracts", "RepositoryContracts\RepositoryContracts.csproj", "{A8E9A2A2-28D6-43CA-9244-31B0B5D184A2}"
EndProject
Project("{FAE04EC0-301F-11D3-BF4B-00C04F79EFBC}") = "InMemoryRepositories", "InMemoryRepositories\InMemoryRepositories.csproj", "{96D14A12-632A-41EC-92CA-84135F7FEADD}"
EndProject
Global
	GlobalSection(SolutionConfigurationPlatforms) = preSolution
		Debug|Any CPU = Debug|Any CPU
		Release|Any CPU = Release|Any CPU
	EndGlobalSection
	GlobalSection(NestedProjects) = preSolution
		{5ECE5793-9F76-45E1-8855-1851980DF6DB} = {07827771-A32E-43B8-8F24-A3CD4158AA8D}
		{A8E9A2A2-28D6-43CA-9244-31B0B5D184A2} = {07827771-A32E-43B8-8F24-A3CD4158AA8D}
		{96D14A12-632A-41EC-92CA-84135F7FEADD} = {07827771-A32E-43B8-8F24-A3CD4158AA8D}
	EndGlobalSection
	GlobalSection(ProjectConfigurationPlatforms) = postSolution
		{5ECE5793-9F76-45E1-8855-1851980DF6DB}.Debug|Any CPU.ActiveCfg = Debug|Any CPU
		{5ECE5793-9F76-45E1-8855-1851980DF6DB}.Debug|Any CPU.Build.0 = Debug|Any CPU
		{5ECE5793-9F76-45E1-8855-1851980DF6DB}.Release|Any CPU.ActiveCfg = Release|Any CPU
		{5ECE5793-9F76-45E1-8855-1851980DF6DB}.Release|Any CPU.Build.0 = Release|Any CPU
		{A8E9A2A2-28D6-43CA-9244-31B0B5D184A2}.Debug|Any CPU.ActiveCfg = Debug|Any CPU
		{A8E9A2A2-28D6-43CA-9244-31B0B5D184A2}.Debug|Any CPU.Build.0 = Debug|Any CPU
		{A8E9A2A2-28D6-43CA-9244-31B0B5D184A2}.Release|Any CPU.ActiveCfg = Release|Any CPU
		{A8E9A2A2-28D6-43CA-9244-31B0B5D184A2}.Release|Any CPU.Build.0 = Release|Any CPU
		{96D14A12-632A-41EC-92CA-84135F7FEADD}.Debug|Any CPU.ActiveCfg = Debug|Any CPU
		{96D14A12-632A-41EC-92CA-84135F7FEADD}.Debug|Any CPU.Build.0 = Debug|Any CPU
		{96D14A12-632A-41EC-92CA-84135F7FEADD}.Release|Any CPU.ActiveCfg = Release|Any CPU
		{96D14A12-632A-41EC-92CA-84135F7FEADD}.Release|Any CPU.Build.0 = Release|Any CPU
	EndGlobalSection
EndGlobal
